// !$*UTF8*$!
{
	archiveVersion = 1;
	classes = {
	};
	objectVersion = 50;
	objects = {

/* Begin PBXBuildFile section */
		7FE45B15207E23F200F9797B /* AppDelegate.swift in Sources */ = {isa = PBXBuildFile; fileRef = 7FE45B14207E23F200F9797B /* AppDelegate.swift */; };
		7FE45B17207E23F200F9797B /* ViewController.swift in Sources */ = {isa = PBXBuildFile; fileRef = 7FE45B16207E23F200F9797B /* ViewController.swift */; };
		7FE45B1A207E23F200F9797B /* Main.storyboard in Resources */ = {isa = PBXBuildFile; fileRef = 7FE45B18207E23F200F9797B /* Main.storyboard */; };
		7FE45B1C207E23F300F9797B /* Assets.xcassets in Resources */ = {isa = PBXBuildFile; fileRef = 7FE45B1B207E23F300F9797B /* Assets.xcassets */; };
		7FE45B1F207E23F300F9797B /* LaunchScreen.storyboard in Resources */ = {isa = PBXBuildFile; fileRef = 7FE45B1D207E23F300F9797B /* LaunchScreen.storyboard */; };
		7FE45B27207E240800F9797B /* FormSheetViewController.swift in Sources */ = {isa = PBXBuildFile; fileRef = 7FE45B26207E240800F9797B /* FormSheetViewController.swift */; };
/* End PBXBuildFile section */

/* Begin PBXFileReference section */
		7FE45B11207E23F200F9797B /* SFSafariViewControllerDoneBug.app */ = {isa = PBXFileReference; explicitFileType = wrapper.application; includeInIndex = 0; path = SFSafariViewControllerDoneBug.app; sourceTree = BUILT_PRODUCTS_DIR; };
		7FE45B14207E23F200F9797B /* AppDelegate.swift */ = {isa = PBXFileReference; lastKnownFileType = sourcecode.swift; path = AppDelegate.swift; sourceTree = "<group>"; };
		7FE45B16207E23F200F9797B /* ViewController.swift */ = {isa = PBXFileReference; lastKnownFileType = sourcecode.swift; path = ViewController.swift; sourceTree = "<group>"; };
		7FE45B19207E23F200F9797B /* Base */ = {isa = PBXFileReference; lastKnownFileType = file.storyboard; name = Base; path = Base.lproj/Main.storyboard; sourceTree = "<group>"; };
		7FE45B1B207E23F300F9797B /* Assets.xcassets */ = {isa = PBXFileReference; lastKnownFileType = folder.assetcatalog; path = Assets.xcassets; sourceTree = "<group>"; };
		7FE45B1E207E23F300F9797B /* Base */ = {isa = PBXFileReference; lastKnownFileType = file.storyboard; name = Base; path = Base.lproj/LaunchScreen.storyboard; sourceTree = "<group>"; };
		7FE45B20207E23F300F9797B /* Info.plist */ = {isa = PBXFileReference; lastKnownFileType = text.plist.xml; path = Info.plist; sourceTree = "<group>"; };
		7FE45B26207E240800F9797B /* FormSheetViewController.swift */ = {isa = PBXFileReference; lastKnownFileType = sourcecode.swift; path = FormSheetViewController.swift; sourceTree = "<group>"; };
/* End PBXFileReference section */

/* Begin PBXFrameworksBuildPhase section */
		7FE45B0E207E23F200F9797B /* Frameworks */ = {
			isa = PBXFrameworksBuildPhase;
			buildActionMask = 2147483647;
			files = (
			);
			runOnlyForDeploymentPostprocessing = 0;
		};
/* End PBXFrameworksBuildPhase section */

/* Begin PBXGroup section */
		7FE45B08207E23F200F9797B = {
			isa = PBXGroup;
			children = (
				7FE45B13207E23F200F9797B /* SFSafariViewControllerDoneBug */,
				7FE45B12207E23F200F9797B /* Products */,
			);
			sourceTree = "<group>";
		};
		7FE45B12207E23F200F9797B /* Products */ = {
			isa = PBXGroup;
			children = (
				7FE45B11207E23F200F9797B /* SFSafariViewControllerDoneBug.app */,
			);
			name = Products;
			sourceTree = "<group>";
		};
		7FE45B13207E23F200F9797B /* SFSafariViewControllerDoneBug */ = {
			isa = PBXGroup;
			children = (
				7FE45B14207E23F200F9797B /* AppDelegate.swift */,
				7FE45B16207E23F200F9797B /* ViewController.swift */,
				7FE45B26207E240800F9797B /* FormSheetViewController.swift */,
				7FE45B18207E23F200F9797B /* Main.storyboard */,
				7FE45B1B207E23F300F9797B /* Assets.xcassets */,
				7FE45B1D207E23F300F9797B /* LaunchScreen.storyboard */,
				7FE45B20207E23F300F9797B /* Info.plist */,
			);
			path = SFSafariViewControllerDoneBug;
			sourceTree = "<group>";
		};
/* End PBXGroup section */

/* Begin PBXNativeTarget section */
		7FE45B10207E23F200F9797B /* SFSafariViewControllerDoneBug */ = {
			isa = PBXNativeTarget;
			buildConfigurationList = 7FE45B23207E23F300F9797B /* Build configuration list for PBXNativeTarget "SFSafariViewControllerDoneBug" */;
			buildPhases = (
				7FE45B0D207E23F200F9797B /* Sources */,
				7FE45B0E207E23F200F9797B /* Frameworks */,
				7FE45B0F207E23F200F9797B /* Resources */,
			);
			buildRules = (
			);
			dependencies = (
			);
			name = SFSafariViewControllerDoneBug;
			productName = SFSafariViewControllerDoneBug;
			productReference = 7FE45B11207E23F200F9797B /* SFSafariViewControllerDoneBug.app */;
			productType = "com.apple.product-type.application";
		};
/* End PBXNativeTarget section */

/* Begin PBXProject section */
		7FE45B09207E23F200F9797B /* Project object */ = {
			isa = PBXProject;
			attributes = {
				LastSwiftUpdateCheck = 0930;
				LastUpgradeCheck = 0930;
				ORGANIZATIONNAME = ASOS;
				TargetAttributes = {
					7FE45B10207E23F200F9797B = {
						CreatedOnToolsVersion = 9.3;
					};
				};
			};
			buildConfigurationList = 7FE45B0C207E23F200F9797B /* Build configuration list for PBXProject "SFSafariViewControllerDoneBug" */;
			compatibilityVersion = "Xcode 9.3";
			developmentRegion = en;
			hasScannedForEncodings = 0;
			knownRegions = (
				en,
				Base,
			);
			mainGroup = 7FE45B08207E23F200F9797B;
			productRefGroup = 7FE45B12207E23F200F9797B /* Products */;
			projectDirPath = "";
			projectRoot = "";
			targets = (
				7FE45B10207E23F200F9797B /* SFSafariViewControllerDoneBug */,
			);
		};
/* End PBXProject section */

/* Begin PBXResourcesBuildPhase section */
		7FE45B0F207E23F200F9797B /* Resources */ = {
			isa = PBXResourcesBuildPhase;
			buildActionMask = 2147483647;
			files = (
				7FE45B1F207E23F300F9797B /* LaunchScreen.storyboard in Resources */,
				7FE45B1C207E23F300F9797B /* Assets.xcassets in Resources */,
				7FE45B1A207E23F200F9797B /* Main.storyboard in Resources */,
			);
			runOnlyForDeploymentPostprocessing = 0;
		};
/* End PBXResourcesBuildPhase section */

/* Begin PBXSourcesBuildPhase section */
		7FE45B0D207E23F200F9797B /* Sources */ = {
			isa = PBXSourcesBuildPhase;
			buildActionMask = 2147483647;
			files = (
				7FE45B17207E23F200F9797B /* ViewController.swift in Sources */,
				7FE45B15207E23F200F9797B /* AppDelegate.swift in Sources */,
				7FE45B27207E240800F9797B /* FormSheetViewController.swift in Sources */,
			);
			runOnlyForDeploymentPostprocessing = 0;
		};
/* End PBXSourcesBuildPhase section */

/* Begin PBXVariantGroup section */
		7FE45B18207E23F200F9797B /* Main.storyboard */ = {
			isa = PBXVariantGroup;
			children = (
				7FE45B19207E23F200F9797B /* Base */,
			);
			name = Main.storyboard;
			sourceTree = "<group>";
		};
		7FE45B1D207E23F300F9797B /* LaunchScreen.storyboard */ = {
			isa = PBXVariantGroup;
			children = (
				7FE45B1E207E23F300F9797B /* Base */,
			);
			name = LaunchScreen.storyboard;
			sourceTree = "<group>";
		};
/* End PBXVariantGroup section */

/* Begin XCBuildConfiguration section */
		7FE45B21207E23F300F9797B /* Debug */ = {
			isa = XCBuildConfiguration;
			buildSettings = {
				ALWAYS_SEARCH_USER_PATHS = NO;
				CLANG_ANALYZER_NONNULL = YES;
				CLANG_ANALYZER_NUMBER_OBJECT_CONVERSION = YES_AGGRESSIVE;
				CLANG_CXX_LANGUAGE_STANDARD = "gnu++14";
				CLANG_CXX_LIBRARY = "libc++";
				CLANG_ENABLE_MODULES = YES;
				CLANG_ENABLE_OBJC_ARC = YES;
				CLANG_ENABLE_OBJC_WEAK = YES;
				CLANG_WARN_BLOCK_CAPTURE_AUTORELEASING = YES;
				CLANG_WARN_BOOL_CONVERSION = YES;
				CLANG_WARN_COMMA = YES;
				CLANG_WARN_CONSTANT_CONVERSION = YES;
				CLANG_WARN_DEPRECATED_OBJC_IMPLEMENTATIONS = YES;
				CLANG_WARN_DIRECT_OBJC_ISA_USAGE = YES_ERROR;
				CLANG_WARN_DOCUMENTATION_COMMENTS = YES;
				CLANG_WARN_EMPTY_BODY = YES;
				CLANG_WARN_ENUM_CONVERSION = YES;
				CLANG_WARN_INFINITE_RECURSION = YES;
				CLANG_WARN_INT_CONVERSION = YES;
				CLANG_WARN_NON_LITERAL_NULL_CONVERSION = YES;
				CLANG_WARN_OBJC_IMPLICIT_RETAIN_SELF = YES;
				CLANG_WARN_OBJC_LITERAL_CONVERSION = YES;
				CLANG_WARN_OBJC_ROOT_CLASS = YES_ERROR;
				CLANG_WARN_RANGE_LOOP_ANALYSIS = YES;
				CLANG_WARN_STRICT_PROTOTYPES = YES;
				CLANG_WARN_SUSPICIOUS_MOVE = YES;
				CLANG_WARN_UNGUARDED_AVAILABILITY = YES_AGGRESSIVE;
				CLANG_WARN_UNREACHABLE_CODE = YES;
				CLANG_WARN__DUPLICATE_METHOD_MATCH = YES;
				CODE_SIGN_IDENTITY = "iPhone Developer";
				COPY_PHASE_STRIP = NO;
				DEBUG_INFORMATION_FORMAT = dwarf;
				ENABLE_STRICT_OBJC_MSGSEND = YES;
				ENABLE_TESTABILITY = YES;
				GCC_C_LANGUAGE_STANDARD = gnu11;
				GCC_DYNAMIC_NO_PIC = NO;
				GCC_NO_COMMON_BLOCKS = YES;
				GCC_OPTIMIZATION_LEVEL = 0;
				GCC_PREPROCESSOR_DEFINITIONS = (
					"DEBUG=1",
					"$(inherited)",
				);
				GCC_WARN_64_TO_32_BIT_CONVERSION = YES;
				GCC_WARN_ABOUT_RETURN_TYPE = YES_ERROR;
				GCC_WARN_UNDECLARED_SELECTOR = YES;
				GCC_WARN_UNINITIALIZED_AUTOS = YES_AGGRESSIVE;
				GCC_WARN_UNUSED_FUNCTION = YES;
				GCC_WARN_UNUSED_VARIABLE = YES;
				IPHONEOS_DEPLOYMENT_TARGET = 11.3;
				MTL_ENABLE_DEBUG_INFO = YES;
				ONLY_ACTIVE_ARCH = YES;
				SDKROOT = iphoneos;
				SWIFT_ACTIVE_COMPILATION_CONDITIONS = DEBUG;
				SWIFT_OPTIMIZATION_LEVEL = "-Onone";
			};
			name = Debug;
		};
		7FE45B22207E23F300F9797B /* Release */ = {
			isa = XCBuildConfiguration;
			buildSettings = {
				ALWAYS_SEARCH_USER_PATHS = NO;
				CLANG_ANALYZER_NONNULL = YES;
				CLANG_ANALYZER_NUMBER_OBJECT_CONVERSION = YES_AGGRESSIVE;
				CLANG_CXX_LANGUAGE_STANDARD = "gnu++14";
				CLANG_CXX_LIBRARY = "libc++";
				CLANG_ENABLE_MODULES = YES;
				CLANG_ENABLE_OBJC_ARC = YES;
				CLANG_ENABLE_OBJC_WEAK = YES;
				CLANG_WARN_BLOCK_CAPTURE_AUTORELEASING = YES;
				CLANG_WARN_BOOL_CONVERSION = YES;
				CLANG_WARN_COMMA = YES;
				CLANG_WARN_CONSTANT_CONVERSION = YES;
				CLANG_WARN_DEPRECATED_OBJC_IMPLEMENTATIONS = YES;
				CLANG_WARN_DIRECT_OBJC_ISA_USAGE = YES_ERROR;
				CLANG_WARN_DOCUMENTATION_COMMENTS = YES;
				CLANG_WARN_EMPTY_BODY = YES;
				CLANG_WARN_ENUM_CONVERSION = YES;
				CLANG_WARN_INFINITE_RECURSION = YES;
				CLANG_WARN_INT_CONVERSION = YES;
				CLANG_WARN_NON_LITERAL_NULL_CONVERSION = YES;
				CLANG_WARN_OBJC_IMPLICIT_RETAIN_SELF = YES;
				CLANG_WARN_OBJC_LITERAL_CONVERSION = YES;
				CLANG_WARN_OBJC_ROOT_CLASS = YES_ERROR;
				CLANG_WARN_RANGE_LOOP_ANALYSIS = YES;
				CLANG_WARN_STRICT_PROTOTYPES = YES;
				CLANG_WARN_SUSPICIOUS_MOVE = YES;
				CLANG_WARN_UNGUARDED_AVAILABILITY = YES_AGGRESSIVE;
				CLANG_WARN_UNREACHABLE_CODE = YES;
				CLANG_WARN__DUPLICATE_METHOD_MATCH = YES;
				CODE_SIGN_IDENTITY = "iPhone Developer";
				COPY_PHASE_STRIP = NO;
				DEBUG_INFORMATION_FORMAT = "dwarf-with-dsym";
				ENABLE_NS_ASSERTIONS = NO;
				ENABLE_STRICT_OBJC_MSGSEND = YES;
				GCC_C_LANGUAGE_STANDARD = gnu11;
				GCC_NO_COMMON_BLOCKS = YES;
				GCC_WARN_64_TO_32_BIT_CONVERSION = YES;
				GCC_WARN_ABOUT_RETURN_TYPE = YES_ERROR;
				GCC_WARN_UNDECLARED_SELECTOR = YES;
				GCC_WARN_UNINITIALIZED_AUTOS = YES_AGGRESSIVE;
				GCC_WARN_UNUSED_FUNCTION = YES;
				GCC_WARN_UNUSED_VARIABLE = YES;
				IPHONEOS_DEPLOYMENT_TARGET = 11.3;
				MTL_ENABLE_DEBUG_INFO = NO;
				SDKROOT = iphoneos;
				SWIFT_COMPILATION_MODE = wholemodule;
				SWIFT_OPTIMIZATION_LEVEL = "-O";
				VALIDATE_PRODUCT = YES;
			};
			name = Release;
		};
		7FE45B24207E23F300F9797B /* Debug */ = {
			isa = XCBuildConfiguration;
			buildSettings = {
				ASSETCATALOG_COMPILER_APPICON_NAME = AppIcon;
				CODE_SIGN_STYLE = Automatic;
				DEVELOPMENT_TEAM = JGATYRGQY6;
				INFOPLIST_FILE = SFSafariViewControllerDoneBug/Info.plist;
				IPHONEOS_DEPLOYMENT_TARGET = 11.0;
				LD_RUNPATH_SEARCH_PATHS = (
					"$(inherited)",
					"@executable_path/Frameworks",
				);
				PRODUCT_BUNDLE_IDENTIFIER = asos.SFSafariViewControllerDoneBug;
				PRODUCT_NAME = "$(TARGET_NAME)";
				SWIFT_VERSION = 4.0;
				TARGETED_DEVICE_FAMILY = "1,2";
			};
			name = Debug;
		};
		7FE45B25207E23F300F9797B /* Release */ = {
			isa = XCBuildConfiguration;
			buildSettings = {
				ASSETCATALOG_COMPILER_APPICON_NAME = AppIcon;
				CODE_SIGN_STYLE = Automatic;
				DEVELOPMENT_TEAM = JGATYRGQY6;
				INFOPLIST_FILE = SFSafariViewControllerDoneBug/Info.plist;
				IPHONEOS_DEPLOYMENT_TARGET = 11.0;
				LD_RUNPATH_SEARCH_PATHS = (
					"$(inherited)",
					"@executable_path/Frameworks",
				);
				PRODUCT_BUNDLE_IDENTIFIER = asos.SFSafariViewControllerDoneBug;
				PRODUCT_NAME = "$(TARGET_NAME)";
				SWIFT_VERSION = 4.0;
				TARGETED_DEVICE_FAMILY = "1,2";
			};
			name = Release;
		};
/* End XCBuildConfiguration section */

/* Begin XCConfigurationList section */
		7FE45B0C207E23F200F9797B /* Build configuration list for PBXProject "SFSafariViewControllerDoneBug" */ = {
			isa = XCConfigurationList;
			buildConfigurations = (
				7FE45B21207E23F300F9797B /* Debug */,
				7FE45B22207E23F300F9797B /* Release */,
			);
			defaultConfigurationIsVisible = 0;
			defaultConfigurationName = Release;
		};
		7FE45B23207E23F300F9797B /* Build configuration list for PBXNativeTarget "SFSafariViewControllerDoneBug" */ = {
			isa = XCConfigurationList;
			buildConfigurations = (
				7FE45B24207E23F300F9797B /* Debug */,
				7FE45B25207E23F300F9797B /* Release */,
			);
			defaultConfigurationIsVisible = 0;
			defaultConfigurationName = Release;
		};
/* End XCConfigurationList section */
	};
	rootObject = 7FE45B09207E23F200F9797B /* Project object */;
}
